
Microsoft Visual Studio Solution File, Format Version 12.00
# Visual Studio 2013
VisualStudioVersion = 12.0.30501.0
MinimumVisualStudioVersion = 10.0.40219.1
Project("{FAE04EC0-301F-11D3-BF4B-00C04F79EFBC}") = "TangibleTouch", "TangibleTouch.csproj", "{C92B5B0F-E96B-4BC7-BE9C-EE6091C1D173}"
EndProject
Project("{2150E333-8FDC-42A3-9474-1A3956D46DE8}") = ".nuget", ".nuget", "{3DC5F061-C472-472E-BCA0-E9B2CC7804E0}"
	ProjectSection(SolutionItems) = preProject
		.nuget\packages.config = .nuget\packages.config
	EndProjectSection
EndProject
Global
	GlobalSection(SolutionConfigurationPlatforms) = preSolution
		Debug|Any CPU = Debug|Any CPU
		Release|Any CPU = Release|Any CPU
	EndGlobalSection
	GlobalSection(ProjectConfigurationPlatforms) = postSolution
		{C92B5B0F-E96B-4BC7-BE9C-EE6091C1D173}.Debug|Any CPU.ActiveCfg = Debug|Any CPU
		{C92B5B0F-E96B-4BC7-BE9C-EE6091C1D173}.Debug|Any CPU.Build.0 = Debug|Any CPU
		{C92B5B0F-E96B-4BC7-BE9C-EE6091C1D173}.Release|Any CPU.ActiveCfg = Release|Any CPU
		{C92B5B0F-E96B-4BC7-BE9C-EE6091C1D173}.Release|Any CPU.Build.0 = Release|Any CPU
	EndGlobalSection
	GlobalSection(SolutionProperties) = preSolution
		HideSolutionNode = FALSE
	EndGlobalSection
EndGlobal
